// !$*UTF8*$!
{
	archiveVersion = 1;
	classes = {
	};
	objectVersion = 56;
	objects = {

/* Begin PBXBuildFile section */
		16E2082329A39947003FE809 /* AppDelegate.swift in Sources */ = {isa = PBXBuildFile; fileRef = 16E2082229A39947003FE809 /* AppDelegate.swift */; };
		16E2082529A39947003FE809 /* SceneDelegate.swift in Sources */ = {isa = PBXBuildFile; fileRef = 16E2082429A39947003FE809 /* SceneDelegate.swift */; };
		16E2082729A39947003FE809 /* HabitsViewController.swift in Sources */ = {isa = PBXBuildFile; fileRef = 16E2082629A39947003FE809 /* HabitsViewController.swift */; };
		16E2082C29A39949003FE809 /* Assets.xcassets in Resources */ = {isa = PBXBuildFile; fileRef = 16E2082B29A39949003FE809 /* Assets.xcassets */; };
		16E2082F29A39949003FE809 /* LaunchScreen.storyboard in Resources */ = {isa = PBXBuildFile; fileRef = 16E2082D29A39949003FE809 /* LaunchScreen.storyboard */; };
		16E2083729A3A1A3003FE809 /* HabitsStore.swift in Sources */ = {isa = PBXBuildFile; fileRef = 16E2083629A3A1A3003FE809 /* HabitsStore.swift */; };
		16E2083A29A3ADAC003FE809 /* TapBarController.swift in Sources */ = {isa = PBXBuildFile; fileRef = 16E2083929A3ADAC003FE809 /* TapBarController.swift */; };
		16E2083C29A3B5F0003FE809 /* AppCoordinator.swift in Sources */ = {isa = PBXBuildFile; fileRef = 16E2083B29A3B5EF003FE809 /* AppCoordinator.swift */; };
		16E2083E29A3B73D003FE809 /* HabitsCoordinator.swift in Sources */ = {isa = PBXBuildFile; fileRef = 16E2083D29A3B73D003FE809 /* HabitsCoordinator.swift */; };
		16E2084129A3B76D003FE809 /* Coordinatable.swift in Sources */ = {isa = PBXBuildFile; fileRef = 16E2084029A3B76D003FE809 /* Coordinatable.swift */; };
		16E2084329A3B77D003FE809 /* InfoCoordinator.swift in Sources */ = {isa = PBXBuildFile; fileRef = 16E2084229A3B77D003FE809 /* InfoCoordinator.swift */; };
		16E2084529A3B8E4003FE809 /* ModuleFactory.swift in Sources */ = {isa = PBXBuildFile; fileRef = 16E2084429A3B8E4003FE809 /* ModuleFactory.swift */; };
		16E2084729A3B971003FE809 /* Module.swift in Sources */ = {isa = PBXBuildFile; fileRef = 16E2084629A3B971003FE809 /* Module.swift */; };
		16E2084929A3BC5A003FE809 /* InfoViewController.swift in Sources */ = {isa = PBXBuildFile; fileRef = 16E2084829A3BC5A003FE809 /* InfoViewController.swift */; };
/* End PBXBuildFile section */

/* Begin PBXFileReference section */
		16E2081F29A39947003FE809 /* MyHabits.app */ = {isa = PBXFileReference; explicitFileType = wrapper.application; includeInIndex = 0; path = MyHabits.app; sourceTree = BUILT_PRODUCTS_DIR; };
		16E2082229A39947003FE809 /* AppDelegate.swift */ = {isa = PBXFileReference; lastKnownFileType = sourcecode.swift; path = AppDelegate.swift; sourceTree = "<group>"; };
		16E2082429A39947003FE809 /* SceneDelegate.swift */ = {isa = PBXFileReference; lastKnownFileType = sourcecode.swift; path = SceneDelegate.swift; sourceTree = "<group>"; };
		16E2082629A39947003FE809 /* HabitsViewController.swift */ = {isa = PBXFileReference; lastKnownFileType = sourcecode.swift; path = HabitsViewController.swift; sourceTree = "<group>"; };
		16E2082B29A39949003FE809 /* Assets.xcassets */ = {isa = PBXFileReference; lastKnownFileType = folder.assetcatalog; path = Assets.xcassets; sourceTree = "<group>"; };
		16E2082E29A39949003FE809 /* Base */ = {isa = PBXFileReference; lastKnownFileType = file.storyboard; name = Base; path = Base.lproj/LaunchScreen.storyboard; sourceTree = "<group>"; };
		16E2083029A39949003FE809 /* Info.plist */ = {isa = PBXFileReference; lastKnownFileType = text.plist.xml; path = Info.plist; sourceTree = "<group>"; };
		16E2083629A3A1A3003FE809 /* HabitsStore.swift */ = {isa = PBXFileReference; lastKnownFileType = sourcecode.swift; path = HabitsStore.swift; sourceTree = "<group>"; };
		16E2083929A3ADAC003FE809 /* TapBarController.swift */ = {isa = PBXFileReference; lastKnownFileType = sourcecode.swift; path = TapBarController.swift; sourceTree = "<group>"; };
		16E2083B29A3B5EF003FE809 /* AppCoordinator.swift */ = {isa = PBXFileReference; lastKnownFileType = sourcecode.swift; path = AppCoordinator.swift; sourceTree = "<group>"; };
		16E2083D29A3B73D003FE809 /* HabitsCoordinator.swift */ = {isa = PBXFileReference; lastKnownFileType = sourcecode.swift; path = HabitsCoordinator.swift; sourceTree = "<group>"; };
		16E2084029A3B76D003FE809 /* Coordinatable.swift */ = {isa = PBXFileReference; lastKnownFileType = sourcecode.swift; path = Coordinatable.swift; sourceTree = "<group>"; };
		16E2084229A3B77D003FE809 /* InfoCoordinator.swift */ = {isa = PBXFileReference; lastKnownFileType = sourcecode.swift; path = InfoCoordinator.swift; sourceTree = "<group>"; };
		16E2084429A3B8E4003FE809 /* ModuleFactory.swift */ = {isa = PBXFileReference; lastKnownFileType = sourcecode.swift; path = ModuleFactory.swift; sourceTree = "<group>"; };
		16E2084629A3B971003FE809 /* Module.swift */ = {isa = PBXFileReference; lastKnownFileType = sourcecode.swift; path = Module.swift; sourceTree = "<group>"; };
		16E2084829A3BC5A003FE809 /* InfoViewController.swift */ = {isa = PBXFileReference; lastKnownFileType = sourcecode.swift; path = InfoViewController.swift; sourceTree = "<group>"; };
/* End PBXFileReference section */

/* Begin PBXFrameworksBuildPhase section */
		16E2081C29A39947003FE809 /* Frameworks */ = {
			isa = PBXFrameworksBuildPhase;
			buildActionMask = 2147483647;
			files = (
			);
			runOnlyForDeploymentPostprocessing = 0;
		};
/* End PBXFrameworksBuildPhase section */

/* Begin PBXGroup section */
		16E2081629A39947003FE809 = {
			isa = PBXGroup;
			children = (
				16E2082129A39947003FE809 /* MyHabits */,
				16E2082029A39947003FE809 /* Products */,
			);
			sourceTree = "<group>";
		};
		16E2082029A39947003FE809 /* Products */ = {
			isa = PBXGroup;
			children = (
				16E2081F29A39947003FE809 /* MyHabits.app */,
			);
			name = Products;
			sourceTree = "<group>";
		};
		16E2082129A39947003FE809 /* MyHabits */ = {
			isa = PBXGroup;
			children = (
				16E2083F29A3B74B003FE809 /* Coordinators */,
				16E2083829A3AC90003FE809 /* AppDelegate */,
				16E2082629A39947003FE809 /* HabitsViewController.swift */,
				16E2084829A3BC5A003FE809 /* InfoViewController.swift */,
				16E2082B29A39949003FE809 /* Assets.xcassets */,
				16E2082D29A39949003FE809 /* LaunchScreen.storyboard */,
				16E2083929A3ADAC003FE809 /* TapBarController.swift */,
				16E2083029A39949003FE809 /* Info.plist */,
				16E2083629A3A1A3003FE809 /* HabitsStore.swift */,
				16E2084429A3B8E4003FE809 /* ModuleFactory.swift */,
				16E2084629A3B971003FE809 /* Module.swift */,
			);
			path = MyHabits;
			sourceTree = "<group>";
		};
		16E2083829A3AC90003FE809 /* AppDelegate */ = {
			isa = PBXGroup;
			children = (
				16E2082229A39947003FE809 /* AppDelegate.swift */,
				16E2082429A39947003FE809 /* SceneDelegate.swift */,
			);
			path = AppDelegate;
			sourceTree = "<group>";
		};
		16E2083F29A3B74B003FE809 /* Coordinators */ = {
			isa = PBXGroup;
			children = (
				16E2083B29A3B5EF003FE809 /* AppCoordinator.swift */,
				16E2083D29A3B73D003FE809 /* HabitsCoordinator.swift */,
				16E2084229A3B77D003FE809 /* InfoCoordinator.swift */,
				16E2084029A3B76D003FE809 /* Coordinatable.swift */,
			);
			path = Coordinators;
			sourceTree = "<group>";
		};
/* End PBXGroup section */

/* Begin PBXNativeTarget section */
		16E2081E29A39947003FE809 /* MyHabits */ = {
			isa = PBXNativeTarget;
			buildConfigurationList = 16E2083329A39949003FE809 /* Build configuration list for PBXNativeTarget "MyHabits" */;
			buildPhases = (
				16E2081B29A39947003FE809 /* Sources */,
				16E2081C29A39947003FE809 /* Frameworks */,
				16E2081D29A39947003FE809 /* Resources */,
			);
			buildRules = (
			);
			dependencies = (
			);
			name = MyHabits;
			productName = MyHabits;
			productReference = 16E2081F29A39947003FE809 /* MyHabits.app */;
			productType = "com.apple.product-type.application";
		};
/* End PBXNativeTarget section */

/* Begin PBXProject section */
		16E2081729A39947003FE809 /* Project object */ = {
			isa = PBXProject;
			attributes = {
				BuildIndependentTargetsInParallel = 1;
				LastSwiftUpdateCheck = 1420;
				LastUpgradeCheck = 1420;
				TargetAttributes = {
					16E2081E29A39947003FE809 = {
						CreatedOnToolsVersion = 14.2;
					};
				};
			};
			buildConfigurationList = 16E2081A29A39947003FE809 /* Build configuration list for PBXProject "MyHabits" */;
			compatibilityVersion = "Xcode 14.0";
			developmentRegion = en;
			hasScannedForEncodings = 0;
			knownRegions = (
				en,
				Base,
			);
			mainGroup = 16E2081629A39947003FE809;
			productRefGroup = 16E2082029A39947003FE809 /* Products */;
			projectDirPath = "";
			projectRoot = "";
			targets = (
				16E2081E29A39947003FE809 /* MyHabits */,
			);
		};
/* End PBXProject section */

/* Begin PBXResourcesBuildPhase section */
		16E2081D29A39947003FE809 /* Resources */ = {
			isa = PBXResourcesBuildPhase;
			buildActionMask = 2147483647;
			files = (
				16E2082F29A39949003FE809 /* LaunchScreen.storyboard in Resources */,
				16E2082C29A39949003FE809 /* Assets.xcassets in Resources */,
			);
			runOnlyForDeploymentPostprocessing = 0;
		};
/* End PBXResourcesBuildPhase section */

/* Begin PBXSourcesBuildPhase section */
		16E2081B29A39947003FE809 /* Sources */ = {
			isa = PBXSourcesBuildPhase;
			buildActionMask = 2147483647;
			files = (
				16E2083C29A3B5F0003FE809 /* AppCoordinator.swift in Sources */,
				16E2083729A3A1A3003FE809 /* HabitsStore.swift in Sources */,
				16E2084529A3B8E4003FE809 /* ModuleFactory.swift in Sources */,
				16E2083A29A3ADAC003FE809 /* TapBarController.swift in Sources */,
				16E2082729A39947003FE809 /* HabitsViewController.swift in Sources */,
				16E2083E29A3B73D003FE809 /* HabitsCoordinator.swift in Sources */,
				16E2084129A3B76D003FE809 /* Coordinatable.swift in Sources */,
				16E2084329A3B77D003FE809 /* InfoCoordinator.swift in Sources */,
				16E2082329A39947003FE809 /* AppDelegate.swift in Sources */,
				16E2084729A3B971003FE809 /* Module.swift in Sources */,
				16E2084929A3BC5A003FE809 /* InfoViewController.swift in Sources */,
				16E2082529A39947003FE809 /* SceneDelegate.swift in Sources */,
			);
			runOnlyForDeploymentPostprocessing = 0;
		};
/* End PBXSourcesBuildPhase section */

/* Begin PBXVariantGroup section */
		16E2082D29A39949003FE809 /* LaunchScreen.storyboard */ = {
			isa = PBXVariantGroup;
			children = (
				16E2082E29A39949003FE809 /* Base */,
			);
			name = LaunchScreen.storyboard;
			sourceTree = "<group>";
		};
/* End PBXVariantGroup section */

/* Begin XCBuildConfiguration section */
		16E2083129A39949003FE809 /* Debug */ = {
			isa = XCBuildConfiguration;
			buildSettings = {
				ALWAYS_SEARCH_USER_PATHS = NO;
				CLANG_ANALYZER_NONNULL = YES;
				CLANG_ANALYZER_NUMBER_OBJECT_CONVERSION = YES_AGGRESSIVE;
				CLANG_CXX_LANGUAGE_STANDARD = "gnu++20";
				CLANG_ENABLE_MODULES = YES;
				CLANG_ENABLE_OBJC_ARC = YES;
				CLANG_ENABLE_OBJC_WEAK = YES;
				CLANG_WARN_BLOCK_CAPTURE_AUTORELEASING = YES;
				CLANG_WARN_BOOL_CONVERSION = YES;
				CLANG_WARN_COMMA = YES;
				CLANG_WARN_CONSTANT_CONVERSION = YES;
				CLANG_WARN_DEPRECATED_OBJC_IMPLEMENTATIONS = YES;
				CLANG_WARN_DIRECT_OBJC_ISA_USAGE = YES_ERROR;
				CLANG_WARN_DOCUMENTATION_COMMENTS = YES;
				CLANG_WARN_EMPTY_BODY = YES;
				CLANG_WARN_ENUM_CONVERSION = YES;
				CLANG_WARN_INFINITE_RECURSION = YES;
				CLANG_WARN_INT_CONVERSION = YES;
				CLANG_WARN_NON_LITERAL_NULL_CONVERSION = YES;
				CLANG_WARN_OBJC_IMPLICIT_RETAIN_SELF = YES;
				CLANG_WARN_OBJC_LITERAL_CONVERSION = YES;
				CLANG_WARN_OBJC_ROOT_CLASS = YES_ERROR;
				CLANG_WARN_QUOTED_INCLUDE_IN_FRAMEWORK_HEADER = YES;
				CLANG_WARN_RANGE_LOOP_ANALYSIS = YES;
				CLANG_WARN_STRICT_PROTOTYPES = YES;
				CLANG_WARN_SUSPICIOUS_MOVE = YES;
				CLANG_WARN_UNGUARDED_AVAILABILITY = YES_AGGRESSIVE;
				CLANG_WARN_UNREACHABLE_CODE = YES;
				CLANG_WARN__DUPLICATE_METHOD_MATCH = YES;
				COPY_PHASE_STRIP = NO;
				DEBUG_INFORMATION_FORMAT = dwarf;
				ENABLE_STRICT_OBJC_MSGSEND = YES;
				ENABLE_TESTABILITY = YES;
				GCC_C_LANGUAGE_STANDARD = gnu11;
				GCC_DYNAMIC_NO_PIC = NO;
				GCC_NO_COMMON_BLOCKS = YES;
				GCC_OPTIMIZATION_LEVEL = 0;
				GCC_PREPROCESSOR_DEFINITIONS = (
					"DEBUG=1",
					"$(inherited)",
				);
				GCC_WARN_64_TO_32_BIT_CONVERSION = YES;
				GCC_WARN_ABOUT_RETURN_TYPE = YES_ERROR;
				GCC_WARN_UNDECLARED_SELECTOR = YES;
				GCC_WARN_UNINITIALIZED_AUTOS = YES_AGGRESSIVE;
				GCC_WARN_UNUSED_FUNCTION = YES;
				GCC_WARN_UNUSED_VARIABLE = YES;
				IPHONEOS_DEPLOYMENT_TARGET = 16.2;
				MTL_ENABLE_DEBUG_INFO = INCLUDE_SOURCE;
				MTL_FAST_MATH = YES;
				ONLY_ACTIVE_ARCH = YES;
				SDKROOT = iphoneos;
				SWIFT_ACTIVE_COMPILATION_CONDITIONS = DEBUG;
				SWIFT_OPTIMIZATION_LEVEL = "-Onone";
			};
			name = Debug;
		};
		16E2083229A39949003FE809 /* Release */ = {
			isa = XCBuildConfiguration;
			buildSettings = {
				ALWAYS_SEARCH_USER_PATHS = NO;
				CLANG_ANALYZER_NONNULL = YES;
				CLANG_ANALYZER_NUMBER_OBJECT_CONVERSION = YES_AGGRESSIVE;
				CLANG_CXX_LANGUAGE_STANDARD = "gnu++20";
				CLANG_ENABLE_MODULES = YES;
				CLANG_ENABLE_OBJC_ARC = YES;
				CLANG_ENABLE_OBJC_WEAK = YES;
				CLANG_WARN_BLOCK_CAPTURE_AUTORELEASING = YES;
				CLANG_WARN_BOOL_CONVERSION = YES;
				CLANG_WARN_COMMA = YES;
				CLANG_WARN_CONSTANT_CONVERSION = YES;
				CLANG_WARN_DEPRECATED_OBJC_IMPLEMENTATIONS = YES;
				CLANG_WARN_DIRECT_OBJC_ISA_USAGE = YES_ERROR;
				CLANG_WARN_DOCUMENTATION_COMMENTS = YES;
				CLANG_WARN_EMPTY_BODY = YES;
				CLANG_WARN_ENUM_CONVERSION = YES;
				CLANG_WARN_INFINITE_RECURSION = YES;
				CLANG_WARN_INT_CONVERSION = YES;
				CLANG_WARN_NON_LITERAL_NULL_CONVERSION = YES;
				CLANG_WARN_OBJC_IMPLICIT_RETAIN_SELF = YES;
				CLANG_WARN_OBJC_LITERAL_CONVERSION = YES;
				CLANG_WARN_OBJC_ROOT_CLASS = YES_ERROR;
				CLANG_WARN_QUOTED_INCLUDE_IN_FRAMEWORK_HEADER = YES;
				CLANG_WARN_RANGE_LOOP_ANALYSIS = YES;
				CLANG_WARN_STRICT_PROTOTYPES = YES;
				CLANG_WARN_SUSPICIOUS_MOVE = YES;
				CLANG_WARN_UNGUARDED_AVAILABILITY = YES_AGGRESSIVE;
				CLANG_WARN_UNREACHABLE_CODE = YES;
				CLANG_WARN__DUPLICATE_METHOD_MATCH = YES;
				COPY_PHASE_STRIP = NO;
				DEBUG_INFORMATION_FORMAT = "dwarf-with-dsym";
				ENABLE_NS_ASSERTIONS = NO;
				ENABLE_STRICT_OBJC_MSGSEND = YES;
				GCC_C_LANGUAGE_STANDARD = gnu11;
				GCC_NO_COMMON_BLOCKS = YES;
				GCC_WARN_64_TO_32_BIT_CONVERSION = YES;
				GCC_WARN_ABOUT_RETURN_TYPE = YES_ERROR;
				GCC_WARN_UNDECLARED_SELECTOR = YES;
				GCC_WARN_UNINITIALIZED_AUTOS = YES_AGGRESSIVE;
				GCC_WARN_UNUSED_FUNCTION = YES;
				GCC_WARN_UNUSED_VARIABLE = YES;
				IPHONEOS_DEPLOYMENT_TARGET = 16.2;
				MTL_ENABLE_DEBUG_INFO = NO;
				MTL_FAST_MATH = YES;
				SDKROOT = iphoneos;
				SWIFT_COMPILATION_MODE = wholemodule;
				SWIFT_OPTIMIZATION_LEVEL = "-O";
				VALIDATE_PRODUCT = YES;
			};
			name = Release;
		};
		16E2083429A39949003FE809 /* Debug */ = {
			isa = XCBuildConfiguration;
			buildSettings = {
				ASSETCATALOG_COMPILER_APPICON_NAME = AppIcon;
				ASSETCATALOG_COMPILER_GLOBAL_ACCENT_COLOR_NAME = AccentColor;
				CODE_SIGN_STYLE = Automatic;
				CURRENT_PROJECT_VERSION = 1;
				DEVELOPMENT_TEAM = 82KQ5UJRH9;
				GENERATE_INFOPLIST_FILE = YES;
				INFOPLIST_FILE = MyHabits/Info.plist;
				INFOPLIST_KEY_UIApplicationSupportsIndirectInputEvents = YES;
				INFOPLIST_KEY_UILaunchStoryboardName = LaunchScreen;
				INFOPLIST_KEY_UISupportedInterfaceOrientations_iPad = "UIInterfaceOrientationPortrait UIInterfaceOrientationPortraitUpsideDown UIInterfaceOrientationLandscapeLeft UIInterfaceOrientationLandscapeRight";
				INFOPLIST_KEY_UISupportedInterfaceOrientations_iPhone = "UIInterfaceOrientationPortrait UIInterfaceOrientationLandscapeLeft UIInterfaceOrientationLandscapeRight";
				IPHONEOS_DEPLOYMENT_TARGET = 13.0;
				LD_RUNPATH_SEARCH_PATHS = (
					"$(inherited)",
					"@executable_path/Frameworks",
				);
				MARKETING_VERSION = 1.0;
				PRODUCT_BUNDLE_IDENTIFIER = Donskikh.MyHabits;
				PRODUCT_NAME = "$(TARGET_NAME)";
				SWIFT_EMIT_LOC_STRINGS = YES;
				SWIFT_VERSION = 5.0;
				TARGETED_DEVICE_FAMILY = "1,2";
			};
			name = Debug;
		};
		16E2083529A39949003FE809 /* Release */ = {
			isa = XCBuildConfiguration;
			buildSettings = {
				ASSETCATALOG_COMPILER_APPICON_NAME = AppIcon;
				ASSETCATALOG_COMPILER_GLOBAL_ACCENT_COLOR_NAME = AccentColor;
				CODE_SIGN_STYLE = Automatic;
				CURRENT_PROJECT_VERSION = 1;
				DEVELOPMENT_TEAM = 82KQ5UJRH9;
				GENERATE_INFOPLIST_FILE = YES;
				INFOPLIST_FILE = MyHabits/Info.plist;
				INFOPLIST_KEY_UIApplicationSupportsIndirectInputEvents = YES;
				INFOPLIST_KEY_UILaunchStoryboardName = LaunchScreen;
				INFOPLIST_KEY_UISupportedInterfaceOrientations_iPad = "UIInterfaceOrientationPortrait UIInterfaceOrientationPortraitUpsideDown UIInterfaceOrientationLandscapeLeft UIInterfaceOrientationLandscapeRight";
				INFOPLIST_KEY_UISupportedInterfaceOrientations_iPhone = "UIInterfaceOrientationPortrait UIInterfaceOrientationLandscapeLeft UIInterfaceOrientationLandscapeRight";
				IPHONEOS_DEPLOYMENT_TARGET = 13.0;
				LD_RUNPATH_SEARCH_PATHS = (
					"$(inherited)",
					"@executable_path/Frameworks",
				);
				MARKETING_VERSION = 1.0;
				PRODUCT_BUNDLE_IDENTIFIER = Donskikh.MyHabits;
				PRODUCT_NAME = "$(TARGET_NAME)";
				SWIFT_EMIT_LOC_STRINGS = YES;
				SWIFT_VERSION = 5.0;
				TARGETED_DEVICE_FAMILY = "1,2";
			};
			name = Release;
		};
/* End XCBuildConfiguration section */

/* Begin XCConfigurationList section */
		16E2081A29A39947003FE809 /* Build configuration list for PBXProject "MyHabits" */ = {
			isa = XCConfigurationList;
			buildConfigurations = (
				16E2083129A39949003FE809 /* Debug */,
				16E2083229A39949003FE809 /* Release */,
			);
			defaultConfigurationIsVisible = 0;
			defaultConfigurationName = Release;
		};
		16E2083329A39949003FE809 /* Build configuration list for PBXNativeTarget "MyHabits" */ = {
			isa = XCConfigurationList;
			buildConfigurations = (
				16E2083429A39949003FE809 /* Debug */,
				16E2083529A39949003FE809 /* Release */,
			);
			defaultConfigurationIsVisible = 0;
			defaultConfigurationName = Release;
		};
/* End XCConfigurationList section */
	};
	rootObject = 16E2081729A39947003FE809 /* Project object */;
}
